// !$*UTF8*$!
{
	archiveVersion = 1;
	classes = {
	};
	objectVersion = 55;
	objects = {

/* Begin PBXBuildFile section */
		441A0B0E27639B1E0046CC9E /* Tests_iOS.swift in Sources */ = {isa = PBXBuildFile; fileRef = 441A0B0D27639B1E0046CC9E /* Tests_iOS.swift */; };
		441A0B1027639B1E0046CC9E /* Tests_iOSLaunchTests.swift in Sources */ = {isa = PBXBuildFile; fileRef = 441A0B0F27639B1E0046CC9E /* Tests_iOSLaunchTests.swift */; };
		441A0B1A27639B1E0046CC9E /* Tests_macOS.swift in Sources */ = {isa = PBXBuildFile; fileRef = 441A0B1927639B1E0046CC9E /* Tests_macOS.swift */; };
		441A0B1C27639B1E0046CC9E /* Tests_macOSLaunchTests.swift in Sources */ = {isa = PBXBuildFile; fileRef = 441A0B1B27639B1E0046CC9E /* Tests_macOSLaunchTests.swift */; };
		441A0B1D27639B1E0046CC9E /* App_Redesign_MusicApp.swift in Sources */ = {isa = PBXBuildFile; fileRef = 441A0AF527639B1D0046CC9E /* App_Redesign_MusicApp.swift */; };
		441A0B1E27639B1E0046CC9E /* App_Redesign_MusicApp.swift in Sources */ = {isa = PBXBuildFile; fileRef = 441A0AF527639B1D0046CC9E /* App_Redesign_MusicApp.swift */; };
		441A0B1F27639B1E0046CC9E /* ContentView.swift in Sources */ = {isa = PBXBuildFile; fileRef = 441A0AF627639B1D0046CC9E /* ContentView.swift */; };
		441A0B2027639B1E0046CC9E /* ContentView.swift in Sources */ = {isa = PBXBuildFile; fileRef = 441A0AF627639B1D0046CC9E /* ContentView.swift */; };
		441A0B2127639B1E0046CC9E /* Assets.xcassets in Resources */ = {isa = PBXBuildFile; fileRef = 441A0AF727639B1E0046CC9E /* Assets.xcassets */; };
		441A0B2227639B1E0046CC9E /* Assets.xcassets in Resources */ = {isa = PBXBuildFile; fileRef = 441A0AF727639B1E0046CC9E /* Assets.xcassets */; };
		441A0B352763A43D0046CC9E /* MusicGenreView.swift in Sources */ = {isa = PBXBuildFile; fileRef = 441A0B342763A43D0046CC9E /* MusicGenreView.swift */; };
		441A0B362763A43D0046CC9E /* MusicGenreView.swift in Sources */ = {isa = PBXBuildFile; fileRef = 441A0B342763A43D0046CC9E /* MusicGenreView.swift */; };
		441A0B3C2763B4B80046CC9E /* GameSceneClass.swift in Sources */ = {isa = PBXBuildFile; fileRef = 441A0B3B2763B4B80046CC9E /* GameSceneClass.swift */; };
		441A0B3D2763B4B80046CC9E /* GameSceneClass.swift in Sources */ = {isa = PBXBuildFile; fileRef = 441A0B3B2763B4B80046CC9E /* GameSceneClass.swift */; };
		44F224C72768E56300F7D956 /* MusicButtonNode.swift in Sources */ = {isa = PBXBuildFile; fileRef = 44F224C62768E56300F7D956 /* MusicButtonNode.swift */; };
		44F224C82768E56300F7D956 /* MusicButtonNode.swift in Sources */ = {isa = PBXBuildFile; fileRef = 44F224C62768E56300F7D956 /* MusicButtonNode.swift */; };
/* End PBXBuildFile section */

/* Begin PBXContainerItemProxy section */
		441A0B0A27639B1E0046CC9E /* PBXContainerItemProxy */ = {
			isa = PBXContainerItemProxy;
			containerPortal = 441A0AF027639B1D0046CC9E /* Project object */;
			proxyType = 1;
			remoteGlobalIDString = 441A0AFB27639B1E0046CC9E;
			remoteInfo = "App Redesign Music (iOS)";
		};
		441A0B1627639B1E0046CC9E /* PBXContainerItemProxy */ = {
			isa = PBXContainerItemProxy;
			containerPortal = 441A0AF027639B1D0046CC9E /* Project object */;
			proxyType = 1;
			remoteGlobalIDString = 441A0B0127639B1E0046CC9E;
			remoteInfo = "App Redesign Music (macOS)";
		};
/* End PBXContainerItemProxy section */

/* Begin PBXFileReference section */
		441A0AF527639B1D0046CC9E /* App_Redesign_MusicApp.swift */ = {isa = PBXFileReference; lastKnownFileType = sourcecode.swift; path = App_Redesign_MusicApp.swift; sourceTree = "<group>"; };
		441A0AF627639B1D0046CC9E /* ContentView.swift */ = {isa = PBXFileReference; lastKnownFileType = sourcecode.swift; path = ContentView.swift; sourceTree = "<group>"; };
		441A0AF727639B1E0046CC9E /* Assets.xcassets */ = {isa = PBXFileReference; lastKnownFileType = folder.assetcatalog; path = Assets.xcassets; sourceTree = "<group>"; };
		441A0AFC27639B1E0046CC9E /* App Redesign Music.app */ = {isa = PBXFileReference; explicitFileType = wrapper.application; includeInIndex = 0; path = "App Redesign Music.app"; sourceTree = BUILT_PRODUCTS_DIR; };
		441A0B0227639B1E0046CC9E /* App Redesign Music.app */ = {isa = PBXFileReference; explicitFileType = wrapper.application; includeInIndex = 0; path = "App Redesign Music.app"; sourceTree = BUILT_PRODUCTS_DIR; };
		441A0B0427639B1E0046CC9E /* macOS.entitlements */ = {isa = PBXFileReference; lastKnownFileType = text.plist.entitlements; path = macOS.entitlements; sourceTree = "<group>"; };
		441A0B0927639B1E0046CC9E /* Tests iOS.xctest */ = {isa = PBXFileReference; explicitFileType = wrapper.cfbundle; includeInIndex = 0; path = "Tests iOS.xctest"; sourceTree = BUILT_PRODUCTS_DIR; };
		441A0B0D27639B1E0046CC9E /* Tests_iOS.swift */ = {isa = PBXFileReference; lastKnownFileType = sourcecode.swift; path = Tests_iOS.swift; sourceTree = "<group>"; };
		441A0B0F27639B1E0046CC9E /* Tests_iOSLaunchTests.swift */ = {isa = PBXFileReference; lastKnownFileType = sourcecode.swift; path = Tests_iOSLaunchTests.swift; sourceTree = "<group>"; };
		441A0B1527639B1E0046CC9E /* Tests macOS.xctest */ = {isa = PBXFileReference; explicitFileType = wrapper.cfbundle; includeInIndex = 0; path = "Tests macOS.xctest"; sourceTree = BUILT_PRODUCTS_DIR; };
		441A0B1927639B1E0046CC9E /* Tests_macOS.swift */ = {isa = PBXFileReference; lastKnownFileType = sourcecode.swift; path = Tests_macOS.swift; sourceTree = "<group>"; };
		441A0B1B27639B1E0046CC9E /* Tests_macOSLaunchTests.swift */ = {isa = PBXFileReference; lastKnownFileType = sourcecode.swift; path = Tests_macOSLaunchTests.swift; sourceTree = "<group>"; };
		441A0B342763A43D0046CC9E /* MusicGenreView.swift */ = {isa = PBXFileReference; lastKnownFileType = sourcecode.swift; path = MusicGenreView.swift; sourceTree = "<group>"; };
		441A0B3B2763B4B80046CC9E /* GameSceneClass.swift */ = {isa = PBXFileReference; lastKnownFileType = sourcecode.swift; path = GameSceneClass.swift; sourceTree = "<group>"; };
		44F224C62768E56300F7D956 /* MusicButtonNode.swift */ = {isa = PBXFileReference; lastKnownFileType = sourcecode.swift; path = MusicButtonNode.swift; sourceTree = "<group>"; };
/* End PBXFileReference section */

/* Begin PBXFrameworksBuildPhase section */
		441A0AF927639B1E0046CC9E /* Frameworks */ = {
			isa = PBXFrameworksBuildPhase;
			buildActionMask = 2147483647;
			files = (
			);
			runOnlyForDeploymentPostprocessing = 0;
		};
		441A0AFF27639B1E0046CC9E /* Frameworks */ = {
			isa = PBXFrameworksBuildPhase;
			buildActionMask = 2147483647;
			files = (
			);
			runOnlyForDeploymentPostprocessing = 0;
		};
		441A0B0627639B1E0046CC9E /* Frameworks */ = {
			isa = PBXFrameworksBuildPhase;
			buildActionMask = 2147483647;
			files = (
			);
			runOnlyForDeploymentPostprocessing = 0;
		};
		441A0B1227639B1E0046CC9E /* Frameworks */ = {
			isa = PBXFrameworksBuildPhase;
			buildActionMask = 2147483647;
			files = (
			);
			runOnlyForDeploymentPostprocessing = 0;
		};
/* End PBXFrameworksBuildPhase section */

/* Begin PBXGroup section */
		441A0AEF27639B1D0046CC9E = {
			isa = PBXGroup;
			children = (
				441A0AF427639B1D0046CC9E /* Shared */,
				441A0B0327639B1E0046CC9E /* macOS */,
				441A0B0C27639B1E0046CC9E /* Tests iOS */,
				441A0B1827639B1E0046CC9E /* Tests macOS */,
				441A0AFD27639B1E0046CC9E /* Products */,
			);
			sourceTree = "<group>";
		};
		441A0AF427639B1D0046CC9E /* Shared */ = {
			isa = PBXGroup;
			children = (
				441A0AF527639B1D0046CC9E /* App_Redesign_MusicApp.swift */,
				441A0AF627639B1D0046CC9E /* ContentView.swift */,
				441A0B342763A43D0046CC9E /* MusicGenreView.swift */,
				441A0B3B2763B4B80046CC9E /* GameSceneClass.swift */,
				44F224C62768E56300F7D956 /* MusicButtonNode.swift */,
				441A0AF727639B1E0046CC9E /* Assets.xcassets */,
			);
			path = Shared;
			sourceTree = "<group>";
		};
		441A0AFD27639B1E0046CC9E /* Products */ = {
			isa = PBXGroup;
			children = (
				441A0AFC27639B1E0046CC9E /* App Redesign Music.app */,
				441A0B0227639B1E0046CC9E /* App Redesign Music.app */,
				441A0B0927639B1E0046CC9E /* Tests iOS.xctest */,
				441A0B1527639B1E0046CC9E /* Tests macOS.xctest */,
			);
			name = Products;
			sourceTree = "<group>";
		};
		441A0B0327639B1E0046CC9E /* macOS */ = {
			isa = PBXGroup;
			children = (
				441A0B0427639B1E0046CC9E /* macOS.entitlements */,
			);
			path = macOS;
			sourceTree = "<group>";
		};
		441A0B0C27639B1E0046CC9E /* Tests iOS */ = {
			isa = PBXGroup;
			children = (
				441A0B0D27639B1E0046CC9E /* Tests_iOS.swift */,
				441A0B0F27639B1E0046CC9E /* Tests_iOSLaunchTests.swift */,
			);
			path = "Tests iOS";
			sourceTree = "<group>";
		};
		441A0B1827639B1E0046CC9E /* Tests macOS */ = {
			isa = PBXGroup;
			children = (
				441A0B1927639B1E0046CC9E /* Tests_macOS.swift */,
				441A0B1B27639B1E0046CC9E /* Tests_macOSLaunchTests.swift */,
			);
			path = "Tests macOS";
			sourceTree = "<group>";
		};
/* End PBXGroup section */

/* Begin PBXNativeTarget section */
		441A0AFB27639B1E0046CC9E /* App Redesign Music (iOS) */ = {
			isa = PBXNativeTarget;
			buildConfigurationList = 441A0B2527639B1E0046CC9E /* Build configuration list for PBXNativeTarget "App Redesign Music (iOS)" */;
			buildPhases = (
				441A0AF827639B1E0046CC9E /* Sources */,
				441A0AF927639B1E0046CC9E /* Frameworks */,
				441A0AFA27639B1E0046CC9E /* Resources */,
			);
			buildRules = (
			);
			dependencies = (
			);
			name = "App Redesign Music (iOS)";
			productName = "App Redesign Music (iOS)";
			productReference = 441A0AFC27639B1E0046CC9E /* App Redesign Music.app */;
			productType = "com.apple.product-type.application";
		};
		441A0B0127639B1E0046CC9E /* App Redesign Music (macOS) */ = {
			isa = PBXNativeTarget;
			buildConfigurationList = 441A0B2827639B1E0046CC9E /* Build configuration list for PBXNativeTarget "App Redesign Music (macOS)" */;
			buildPhases = (
				441A0AFE27639B1E0046CC9E /* Sources */,
				441A0AFF27639B1E0046CC9E /* Frameworks */,
				441A0B0027639B1E0046CC9E /* Resources */,
			);
			buildRules = (
			);
			dependencies = (
			);
			name = "App Redesign Music (macOS)";
			productName = "App Redesign Music (macOS)";
			productReference = 441A0B0227639B1E0046CC9E /* App Redesign Music.app */;
			productType = "com.apple.product-type.application";
		};
		441A0B0827639B1E0046CC9E /* Tests iOS */ = {
			isa = PBXNativeTarget;
			buildConfigurationList = 441A0B2B27639B1E0046CC9E /* Build configuration list for PBXNativeTarget "Tests iOS" */;
			buildPhases = (
				441A0B0527639B1E0046CC9E /* Sources */,
				441A0B0627639B1E0046CC9E /* Frameworks */,
				441A0B0727639B1E0046CC9E /* Resources */,
			);
			buildRules = (
			);
			dependencies = (
				441A0B0B27639B1E0046CC9E /* PBXTargetDependency */,
			);
			name = "Tests iOS";
			productName = "Tests iOS";
			productReference = 441A0B0927639B1E0046CC9E /* Tests iOS.xctest */;
			productType = "com.apple.product-type.bundle.ui-testing";
		};
		441A0B1427639B1E0046CC9E /* Tests macOS */ = {
			isa = PBXNativeTarget;
			buildConfigurationList = 441A0B2E27639B1E0046CC9E /* Build configuration list for PBXNativeTarget "Tests macOS" */;
			buildPhases = (
				441A0B1127639B1E0046CC9E /* Sources */,
				441A0B1227639B1E0046CC9E /* Frameworks */,
				441A0B1327639B1E0046CC9E /* Resources */,
			);
			buildRules = (
			);
			dependencies = (
				441A0B1727639B1E0046CC9E /* PBXTargetDependency */,
			);
			name = "Tests macOS";
			productName = "Tests macOS";
			productReference = 441A0B1527639B1E0046CC9E /* Tests macOS.xctest */;
			productType = "com.apple.product-type.bundle.ui-testing";
		};
/* End PBXNativeTarget section */

/* Begin PBXProject section */
		441A0AF027639B1D0046CC9E /* Project object */ = {
			isa = PBXProject;
			attributes = {
				BuildIndependentTargetsInParallel = 1;
				LastSwiftUpdateCheck = 1310;
				LastUpgradeCheck = 1320;
				TargetAttributes = {
					441A0AFB27639B1E0046CC9E = {
						CreatedOnToolsVersion = 13.1;
					};
					441A0B0127639B1E0046CC9E = {
						CreatedOnToolsVersion = 13.1;
					};
					441A0B0827639B1E0046CC9E = {
						CreatedOnToolsVersion = 13.1;
						TestTargetID = 441A0AFB27639B1E0046CC9E;
					};
					441A0B1427639B1E0046CC9E = {
						CreatedOnToolsVersion = 13.1;
						TestTargetID = 441A0B0127639B1E0046CC9E;
					};
				};
			};
			buildConfigurationList = 441A0AF327639B1D0046CC9E /* Build configuration list for PBXProject "App Redesign Music" */;
			compatibilityVersion = "Xcode 13.0";
			developmentRegion = en;
			hasScannedForEncodings = 0;
			knownRegions = (
				en,
				Base,
			);
			mainGroup = 441A0AEF27639B1D0046CC9E;
			productRefGroup = 441A0AFD27639B1E0046CC9E /* Products */;
			projectDirPath = "";
			projectRoot = "";
			targets = (
				441A0AFB27639B1E0046CC9E /* App Redesign Music (iOS) */,
				441A0B0127639B1E0046CC9E /* App Redesign Music (macOS) */,
				441A0B0827639B1E0046CC9E /* Tests iOS */,
				441A0B1427639B1E0046CC9E /* Tests macOS */,
			);
		};
/* End PBXProject section */

/* Begin PBXResourcesBuildPhase section */
		441A0AFA27639B1E0046CC9E /* Resources */ = {
			isa = PBXResourcesBuildPhase;
			buildActionMask = 2147483647;
			files = (
				441A0B2127639B1E0046CC9E /* Assets.xcassets in Resources */,
			);
			runOnlyForDeploymentPostprocessing = 0;
		};
		441A0B0027639B1E0046CC9E /* Resources */ = {
			isa = PBXResourcesBuildPhase;
			buildActionMask = 2147483647;
			files = (
				441A0B2227639B1E0046CC9E /* Assets.xcassets in Resources */,
			);
			runOnlyForDeploymentPostprocessing = 0;
		};
		441A0B0727639B1E0046CC9E /* Resources */ = {
			isa = PBXResourcesBuildPhase;
			buildActionMask = 2147483647;
			files = (
			);
			runOnlyForDeploymentPostprocessing = 0;
		};
		441A0B1327639B1E0046CC9E /* Resources */ = {
			isa = PBXResourcesBuildPhase;
			buildActionMask = 2147483647;
			files = (
			);
			runOnlyForDeploymentPostprocessing = 0;
		};
/* End PBXResourcesBuildPhase section */

/* Begin PBXSourcesBuildPhase section */
		441A0AF827639B1E0046CC9E /* Sources */ = {
			isa = PBXSourcesBuildPhase;
			buildActionMask = 2147483647;
			files = (
				441A0B1F27639B1E0046CC9E /* ContentView.swift in Sources */,
				441A0B1D27639B1E0046CC9E /* App_Redesign_MusicApp.swift in Sources */,
				44F224C72768E56300F7D956 /* MusicButtonNode.swift in Sources */,
				441A0B3C2763B4B80046CC9E /* GameSceneClass.swift in Sources */,
				441A0B352763A43D0046CC9E /* MusicGenreView.swift in Sources */,
			);
			runOnlyForDeploymentPostprocessing = 0;
		};
		441A0AFE27639B1E0046CC9E /* Sources */ = {
			isa = PBXSourcesBuildPhase;
			buildActionMask = 2147483647;
			files = (
				441A0B2027639B1E0046CC9E /* ContentView.swift in Sources */,
				441A0B1E27639B1E0046CC9E /* App_Redesign_MusicApp.swift in Sources */,
				44F224C82768E56300F7D956 /* MusicButtonNode.swift in Sources */,
				441A0B3D2763B4B80046CC9E /* GameSceneClass.swift in Sources */,
				441A0B362763A43D0046CC9E /* MusicGenreView.swift in Sources */,
			);
			runOnlyForDeploymentPostprocessing = 0;
		};
		441A0B0527639B1E0046CC9E /* Sources */ = {
			isa = PBXSourcesBuildPhase;
			buildActionMask = 2147483647;
			files = (
				441A0B1027639B1E0046CC9E /* Tests_iOSLaunchTests.swift in Sources */,
				441A0B0E27639B1E0046CC9E /* Tests_iOS.swift in Sources */,
			);
			runOnlyForDeploymentPostprocessing = 0;
		};
		441A0B1127639B1E0046CC9E /* Sources */ = {
			isa = PBXSourcesBuildPhase;
			buildActionMask = 2147483647;
			files = (
				441A0B1C27639B1E0046CC9E /* Tests_macOSLaunchTests.swift in Sources */,
				441A0B1A27639B1E0046CC9E /* Tests_macOS.swift in Sources */,
			);
			runOnlyForDeploymentPostprocessing = 0;
		};
/* End PBXSourcesBuildPhase section */

/* Begin PBXTargetDependency section */
		441A0B0B27639B1E0046CC9E /* PBXTargetDependency */ = {
			isa = PBXTargetDependency;
			target = 441A0AFB27639B1E0046CC9E /* App Redesign Music (iOS) */;
			targetProxy = 441A0B0A27639B1E0046CC9E /* PBXContainerItemProxy */;
		};
		441A0B1727639B1E0046CC9E /* PBXTargetDependency */ = {
			isa = PBXTargetDependency;
			target = 441A0B0127639B1E0046CC9E /* App Redesign Music (macOS) */;
			targetProxy = 441A0B1627639B1E0046CC9E /* PBXContainerItemProxy */;
		};
/* End PBXTargetDependency section */

/* Begin XCBuildConfiguration section */
		441A0B2327639B1E0046CC9E /* Debug */ = {
			isa = XCBuildConfiguration;
			buildSettings = {
				ALWAYS_SEARCH_USER_PATHS = NO;
				CLANG_ANALYZER_NONNULL = YES;
				CLANG_ANALYZER_NUMBER_OBJECT_CONVERSION = YES_AGGRESSIVE;
				CLANG_CXX_LANGUAGE_STANDARD = "gnu++17";
				CLANG_CXX_LIBRARY = "libc++";
				CLANG_ENABLE_MODULES = YES;
				CLANG_ENABLE_OBJC_ARC = YES;
				CLANG_ENABLE_OBJC_WEAK = YES;
				CLANG_WARN_BLOCK_CAPTURE_AUTORELEASING = YES;
				CLANG_WARN_BOOL_CONVERSION = YES;
				CLANG_WARN_COMMA = YES;
				CLANG_WARN_CONSTANT_CONVERSION = YES;
				CLANG_WARN_DEPRECATED_OBJC_IMPLEMENTATIONS = YES;
				CLANG_WARN_DIRECT_OBJC_ISA_USAGE = YES_ERROR;
				CLANG_WARN_DOCUMENTATION_COMMENTS = YES;
				CLANG_WARN_EMPTY_BODY = YES;
				CLANG_WARN_ENUM_CONVERSION = YES;
				CLANG_WARN_INFINITE_RECURSION = YES;
				CLANG_WARN_INT_CONVERSION = YES;
				CLANG_WARN_NON_LITERAL_NULL_CONVERSION = YES;
				CLANG_WARN_OBJC_IMPLICIT_RETAIN_SELF = YES;
				CLANG_WARN_OBJC_LITERAL_CONVERSION = YES;
				CLANG_WARN_OBJC_ROOT_CLASS = YES_ERROR;
				CLANG_WARN_QUOTED_INCLUDE_IN_FRAMEWORK_HEADER = YES;
				CLANG_WARN_RANGE_LOOP_ANALYSIS = YES;
				CLANG_WARN_STRICT_PROTOTYPES = YES;
				CLANG_WARN_SUSPICIOUS_MOVE = YES;
				CLANG_WARN_UNGUARDED_AVAILABILITY = YES_AGGRESSIVE;
				CLANG_WARN_UNREACHABLE_CODE = YES;
				CLANG_WARN__DUPLICATE_METHOD_MATCH = YES;
				COPY_PHASE_STRIP = NO;
				DEBUG_INFORMATION_FORMAT = dwarf;
				ENABLE_STRICT_OBJC_MSGSEND = YES;
				ENABLE_TESTABILITY = YES;
				GCC_C_LANGUAGE_STANDARD = gnu11;
				GCC_DYNAMIC_NO_PIC = NO;
				GCC_NO_COMMON_BLOCKS = YES;
				GCC_OPTIMIZATION_LEVEL = 0;
				GCC_PREPROCESSOR_DEFINITIONS = (
					"DEBUG=1",
					"$(inherited)",
				);
				GCC_WARN_64_TO_32_BIT_CONVERSION = YES;
				GCC_WARN_ABOUT_RETURN_TYPE = YES_ERROR;
				GCC_WARN_UNDECLARED_SELECTOR = YES;
				GCC_WARN_UNINITIALIZED_AUTOS = YES_AGGRESSIVE;
				GCC_WARN_UNUSED_FUNCTION = YES;
				GCC_WARN_UNUSED_VARIABLE = YES;
				MTL_ENABLE_DEBUG_INFO = INCLUDE_SOURCE;
				MTL_FAST_MATH = YES;
				ONLY_ACTIVE_ARCH = YES;
				SWIFT_ACTIVE_COMPILATION_CONDITIONS = DEBUG;
				SWIFT_OPTIMIZATION_LEVEL = "-Onone";
			};
			name = Debug;
		};
		441A0B2427639B1E0046CC9E /* Release */ = {
			isa = XCBuildConfiguration;
			buildSettings = {
				ALWAYS_SEARCH_USER_PATHS = NO;
				CLANG_ANALYZER_NONNULL = YES;
				CLANG_ANALYZER_NUMBER_OBJECT_CONVERSION = YES_AGGRESSIVE;
				CLANG_CXX_LANGUAGE_STANDARD = "gnu++17";
				CLANG_CXX_LIBRARY = "libc++";
				CLANG_ENABLE_MODULES = YES;
				CLANG_ENABLE_OBJC_ARC = YES;
				CLANG_ENABLE_OBJC_WEAK = YES;
				CLANG_WARN_BLOCK_CAPTURE_AUTORELEASING = YES;
				CLANG_WARN_BOOL_CONVERSION = YES;
				CLANG_WARN_COMMA = YES;
				CLANG_WARN_CONSTANT_CONVERSION = YES;
				CLANG_WARN_DEPRECATED_OBJC_IMPLEMENTATIONS = YES;
				CLANG_WARN_DIRECT_OBJC_ISA_USAGE = YES_ERROR;
				CLANG_WARN_DOCUMENTATION_COMMENTS = YES;
				CLANG_WARN_EMPTY_BODY = YES;
				CLANG_WARN_ENUM_CONVERSION = YES;
				CLANG_WARN_INFINITE_RECURSION = YES;
				CLANG_WARN_INT_CONVERSION = YES;
				CLANG_WARN_NON_LITERAL_NULL_CONVERSION = YES;
				CLANG_WARN_OBJC_IMPLICIT_RETAIN_SELF = YES;
				CLANG_WARN_OBJC_LITERAL_CONVERSION = YES;
				CLANG_WARN_OBJC_ROOT_CLASS = YES_ERROR;
				CLANG_WARN_QUOTED_INCLUDE_IN_FRAMEWORK_HEADER = YES;
				CLANG_WARN_RANGE_LOOP_ANALYSIS = YES;
				CLANG_WARN_STRICT_PROTOTYPES = YES;
				CLANG_WARN_SUSPICIOUS_MOVE = YES;
				CLANG_WARN_UNGUARDED_AVAILABILITY = YES_AGGRESSIVE;
				CLANG_WARN_UNREACHABLE_CODE = YES;
				CLANG_WARN__DUPLICATE_METHOD_MATCH = YES;
				COPY_PHASE_STRIP = NO;
				DEBUG_INFORMATION_FORMAT = "dwarf-with-dsym";
				ENABLE_NS_ASSERTIONS = NO;
				ENABLE_STRICT_OBJC_MSGSEND = YES;
				GCC_C_LANGUAGE_STANDARD = gnu11;
				GCC_NO_COMMON_BLOCKS = YES;
				GCC_WARN_64_TO_32_BIT_CONVERSION = YES;
				GCC_WARN_ABOUT_RETURN_TYPE = YES_ERROR;
				GCC_WARN_UNDECLARED_SELECTOR = YES;
				GCC_WARN_UNINITIALIZED_AUTOS = YES_AGGRESSIVE;
				GCC_WARN_UNUSED_FUNCTION = YES;
				GCC_WARN_UNUSED_VARIABLE = YES;
				MTL_ENABLE_DEBUG_INFO = NO;
				MTL_FAST_MATH = YES;
				SWIFT_COMPILATION_MODE = wholemodule;
				SWIFT_OPTIMIZATION_LEVEL = "-O";
			};
			name = Release;
		};
		441A0B2627639B1E0046CC9E /* Debug */ = {
			isa = XCBuildConfiguration;
			buildSettings = {
				ASSETCATALOG_COMPILER_APPICON_NAME = AppIcon;
				ASSETCATALOG_COMPILER_GLOBAL_ACCENT_COLOR_NAME = AccentColor;
				CODE_SIGN_STYLE = Automatic;
				CURRENT_PROJECT_VERSION = 1;
				DEVELOPMENT_TEAM = H6XC3A3TTR;
				ENABLE_PREVIEWS = YES;
				GENERATE_INFOPLIST_FILE = YES;
				INFOPLIST_KEY_UIApplicationSceneManifest_Generation = YES;
				INFOPLIST_KEY_UIApplicationSupportsIndirectInputEvents = YES;
				INFOPLIST_KEY_UILaunchScreen_Generation = YES;
				INFOPLIST_KEY_UISupportedInterfaceOrientations_iPad = "UIInterfaceOrientationPortrait UIInterfaceOrientationPortraitUpsideDown UIInterfaceOrientationLandscapeLeft UIInterfaceOrientationLandscapeRight";
				INFOPLIST_KEY_UISupportedInterfaceOrientations_iPhone = "UIInterfaceOrientationPortrait UIInterfaceOrientationLandscapeLeft UIInterfaceOrientationLandscapeRight";
				IPHONEOS_DEPLOYMENT_TARGET = 15.0;
				LD_RUNPATH_SEARCH_PATHS = (
					"$(inherited)",
					"@executable_path/Frameworks",
				);
				MARKETING_VERSION = 1.0;
				PRODUCT_BUNDLE_IDENTIFIER = "Power.App-Redesign-Music";
				PRODUCT_NAME = "App Redesign Music";
				SDKROOT = iphoneos;
				SWIFT_EMIT_LOC_STRINGS = YES;
				SWIFT_VERSION = 5.0;
				TARGETED_DEVICE_FAMILY = "1,2";
			};
			name = Debug;
		};
		441A0B2727639B1E0046CC9E /* Release */ = {
			isa = XCBuildConfiguration;
			buildSettings = {
				ASSETCATALOG_COMPILER_APPICON_NAME = AppIcon;
				ASSETCATALOG_COMPILER_GLOBAL_ACCENT_COLOR_NAME = AccentColor;
				CODE_SIGN_STYLE = Automatic;
				CURRENT_PROJECT_VERSION = 1;
				DEVELOPMENT_TEAM = H6XC3A3TTR;
				ENABLE_PREVIEWS = YES;
				GENERATE_INFOPLIST_FILE = YES;
				INFOPLIST_KEY_UIApplicationSceneManifest_Generation = YES;
				INFOPLIST_KEY_UIApplicationSupportsIndirectInputEvents = YES;
				INFOPLIST_KEY_UILaunchScreen_Generation = YES;
				INFOPLIST_KEY_UISupportedInterfaceOrientations_iPad = "UIInterfaceOrientationPortrait UIInterfaceOrientationPortraitUpsideDown UIInterfaceOrientationLandscapeLeft UIInterfaceOrientationLandscapeRight";
				INFOPLIST_KEY_UISupportedInterfaceOrientations_iPhone = "UIInterfaceOrientationPortrait UIInterfaceOrientationLandscapeLeft UIInterfaceOrientationLandscapeRight";
				IPHONEOS_DEPLOYMENT_TARGET = 15.0;
				LD_RUNPATH_SEARCH_PATHS = (
					"$(inherited)",
					"@executable_path/Frameworks",
				);
				MARKETING_VERSION = 1.0;
				PRODUCT_BUNDLE_IDENTIFIER = "Power.App-Redesign-Music";
				PRODUCT_NAME = "App Redesign Music";
				SDKROOT = iphoneos;
				SWIFT_EMIT_LOC_STRINGS = YES;
				SWIFT_VERSION = 5.0;
				TARGETED_DEVICE_FAMILY = "1,2";
				VALIDATE_PRODUCT = YES;
			};
			name = Release;
		};
		441A0B2927639B1E0046CC9E /* Debug */ = {
			isa = XCBuildConfiguration;
			buildSettings = {
				ASSETCATALOG_COMPILER_APPICON_NAME = AppIcon;
				ASSETCATALOG_COMPILER_GLOBAL_ACCENT_COLOR_NAME = AccentColor;
				CODE_SIGN_ENTITLEMENTS = macOS/macOS.entitlements;
				CODE_SIGN_IDENTITY = "-";
				CODE_SIGN_STYLE = Automatic;
				COMBINE_HIDPI_IMAGES = YES;
				CURRENT_PROJECT_VERSION = 1;
				DEVELOPMENT_TEAM = H6XC3A3TTR;
				ENABLE_HARDENED_RUNTIME = YES;
				ENABLE_PREVIEWS = YES;
				GENERATE_INFOPLIST_FILE = YES;
				INFOPLIST_KEY_NSHumanReadableCopyright = "";
				LD_RUNPATH_SEARCH_PATHS = (
					"$(inherited)",
					"@executable_path/../Frameworks",
				);
				MACOSX_DEPLOYMENT_TARGET = 11.6;
				MARKETING_VERSION = 1.0;
				PRODUCT_BUNDLE_IDENTIFIER = "Power.App-Redesign-Music";
				PRODUCT_NAME = "App Redesign Music";
				SDKROOT = macosx;
				SWIFT_EMIT_LOC_STRINGS = YES;
				SWIFT_VERSION = 5.0;
			};
			name = Debug;
		};
		441A0B2A27639B1E0046CC9E /* Release */ = {
			isa = XCBuildConfiguration;
			buildSettings = {
				ASSETCATALOG_COMPILER_APPICON_NAME = AppIcon;
				ASSETCATALOG_COMPILER_GLOBAL_ACCENT_COLOR_NAME = AccentColor;
				CODE_SIGN_ENTITLEMENTS = macOS/macOS.entitlements;
				CODE_SIGN_IDENTITY = "-";
				CODE_SIGN_STYLE = Automatic;
				COMBINE_HIDPI_IMAGES = YES;
				CURRENT_PROJECT_VERSION = 1;
				DEVELOPMENT_TEAM = H6XC3A3TTR;
				ENABLE_HARDENED_RUNTIME = YES;
				ENABLE_PREVIEWS = YES;
				GENERATE_INFOPLIST_FILE = YES;
				INFOPLIST_KEY_NSHumanReadableCopyright = "";
				LD_RUNPATH_SEARCH_PATHS = (
					"$(inherited)",
					"@executable_path/../Frameworks",
				);
				MACOSX_DEPLOYMENT_TARGET = 11.6;
				MARKETING_VERSION = 1.0;
				PRODUCT_BUNDLE_IDENTIFIER = "Power.App-Redesign-Music";
				PRODUCT_NAME = "App Redesign Music";
				SDKROOT = macosx;
				SWIFT_EMIT_LOC_STRINGS = YES;
				SWIFT_VERSION = 5.0;
			};
			name = Release;
		};
		441A0B2C27639B1E0046CC9E /* Debug */ = {
			isa = XCBuildConfiguration;
			buildSettings = {
				ALWAYS_EMBED_SWIFT_STANDARD_LIBRARIES = YES;
				CODE_SIGN_STYLE = Automatic;
				CURRENT_PROJECT_VERSION = 1;
				DEVELOPMENT_TEAM = H6XC3A3TTR;
				GENERATE_INFOPLIST_FILE = YES;
				IPHONEOS_DEPLOYMENT_TARGET = 15.0;
				LD_RUNPATH_SEARCH_PATHS = (
					"$(inherited)",
					"@executable_path/Frameworks",
					"@loader_path/Frameworks",
				);
				MARKETING_VERSION = 1.0;
				PRODUCT_BUNDLE_IDENTIFIER = "Power.Tests-iOS";
				PRODUCT_NAME = "$(TARGET_NAME)";
				SDKROOT = iphoneos;
				SWIFT_EMIT_LOC_STRINGS = NO;
				SWIFT_VERSION = 5.0;
				TARGETED_DEVICE_FAMILY = "1,2";
				TEST_TARGET_NAME = "App Redesign Music (iOS)";
			};
			name = Debug;
		};
		441A0B2D27639B1E0046CC9E /* Release */ = {
			isa = XCBuildConfiguration;
			buildSettings = {
				ALWAYS_EMBED_SWIFT_STANDARD_LIBRARIES = YES;
				CODE_SIGN_STYLE = Automatic;
				CURRENT_PROJECT_VERSION = 1;
				DEVELOPMENT_TEAM = H6XC3A3TTR;
				GENERATE_INFOPLIST_FILE = YES;
				IPHONEOS_DEPLOYMENT_TARGET = 15.0;
				LD_RUNPATH_SEARCH_PATHS = (
					"$(inherited)",
					"@executable_path/Frameworks",
					"@loader_path/Frameworks",
				);
				MARKETING_VERSION = 1.0;
				PRODUCT_BUNDLE_IDENTIFIER = "Power.Tests-iOS";
				PRODUCT_NAME = "$(TARGET_NAME)";
				SDKROOT = iphoneos;
				SWIFT_EMIT_LOC_STRINGS = NO;
				SWIFT_VERSION = 5.0;
				TARGETED_DEVICE_FAMILY = "1,2";
				TEST_TARGET_NAME = "App Redesign Music (iOS)";
				VALIDATE_PRODUCT = YES;
			};
			name = Release;
		};
		441A0B2F27639B1E0046CC9E /* Debug */ = {
			isa = XCBuildConfiguration;
			buildSettings = {
				ALWAYS_EMBED_SWIFT_STANDARD_LIBRARIES = YES;
				CODE_SIGN_STYLE = Automatic;
				COMBINE_HIDPI_IMAGES = YES;
				CURRENT_PROJECT_VERSION = 1;
				DEVELOPMENT_TEAM = H6XC3A3TTR;
				GENERATE_INFOPLIST_FILE = YES;
				LD_RUNPATH_SEARCH_PATHS = (
					"$(inherited)",
					"@executable_path/../Frameworks",
					"@loader_path/../Frameworks",
				);
				MACOSX_DEPLOYMENT_TARGET = 11.6;
				MARKETING_VERSION = 1.0;
				PRODUCT_BUNDLE_IDENTIFIER = "Power.Tests-macOS";
				PRODUCT_NAME = "$(TARGET_NAME)";
				SDKROOT = macosx;
				SWIFT_EMIT_LOC_STRINGS = NO;
				SWIFT_VERSION = 5.0;
				TEST_TARGET_NAME = "App Redesign Music (macOS)";
			};
			name = Debug;
		};
		441A0B3027639B1E0046CC9E /* Release */ = {
			isa = XCBuildConfiguration;
			buildSettings = {
				ALWAYS_EMBED_SWIFT_STANDARD_LIBRARIES = YES;
				CODE_SIGN_STYLE = Automatic;
				COMBINE_HIDPI_IMAGES = YES;
				CURRENT_PROJECT_VERSION = 1;
				DEVELOPMENT_TEAM = H6XC3A3TTR;
				GENERATE_INFOPLIST_FILE = YES;
				LD_RUNPATH_SEARCH_PATHS = (
					"$(inherited)",
					"@executable_path/../Frameworks",
					"@loader_path/../Frameworks",
				);
				MACOSX_DEPLOYMENT_TARGET = 11.6;
				MARKETING_VERSION = 1.0;
				PRODUCT_BUNDLE_IDENTIFIER = "Power.Tests-macOS";
				PRODUCT_NAME = "$(TARGET_NAME)";
				SDKROOT = macosx;
				SWIFT_EMIT_LOC_STRINGS = NO;
				SWIFT_VERSION = 5.0;
				TEST_TARGET_NAME = "App Redesign Music (macOS)";
			};
			name = Release;
		};
/* End XCBuildConfiguration section */

/* Begin XCConfigurationList section */
		441A0AF327639B1D0046CC9E /* Build configuration list for PBXProject "App Redesign Music" */ = {
			isa = XCConfigurationList;
			buildConfigurations = (
				441A0B2327639B1E0046CC9E /* Debug */,
				441A0B2427639B1E0046CC9E /* Release */,
			);
			defaultConfigurationIsVisible = 0;
			defaultConfigurationName = Release;
		};
		441A0B2527639B1E0046CC9E /* Build configuration list for PBXNativeTarget "App Redesign Music (iOS)" */ = {
			isa = XCConfigurationList;
			buildConfigurations = (
				441A0B2627639B1E0046CC9E /* Debug */,
				441A0B2727639B1E0046CC9E /* Release */,
			);
			defaultConfigurationIsVisible = 0;
			defaultConfigurationName = Release;
		};
		441A0B2827639B1E0046CC9E /* Build configuration list for PBXNativeTarget "App Redesign Music (macOS)" */ = {
			isa = XCConfigurationList;
			buildConfigurations = (
				441A0B2927639B1E0046CC9E /* Debug */,
				441A0B2A27639B1E0046CC9E /* Release */,
			);
			defaultConfigurationIsVisible = 0;
			defaultConfigurationName = Release;
		};
		441A0B2B27639B1E0046CC9E /* Build configuration list for PBXNativeTarget "Tests iOS" */ = {
			isa = XCConfigurationList;
			buildConfigurations = (
				441A0B2C27639B1E0046CC9E /* Debug */,
				441A0B2D27639B1E0046CC9E /* Release */,
			);
			defaultConfigurationIsVisible = 0;
			defaultConfigurationName = Release;
		};
		441A0B2E27639B1E0046CC9E /* Build configuration list for PBXNativeTarget "Tests macOS" */ = {
			isa = XCConfigurationList;
			buildConfigurations = (
				441A0B2F27639B1E0046CC9E /* Debug */,
				441A0B3027639B1E0046CC9E /* Release */,
			);
			defaultConfigurationIsVisible = 0;
			defaultConfigurationName = Release;
		};
/* End XCConfigurationList section */
	};
	rootObject = 441A0AF027639B1D0046CC9E /* Project object */;
}
